{
  "name": "app-web-21a-das",
  "lockfileVersion": 2,
  "requires": true,
  "packages": {
    "": {
      "dependencies": {
        "eta": "^1.12.2"
      }
    },
    "node_modules/eta": {
      "version": "1.12.2",
      "resolved": "https://registry.npmjs.org/eta/-/eta-1.12.2.tgz",
      "integrity": "sha512-Z05sK2DRWAfBhG/2cwAOWuMoQIYaVYJCQrz2g2O/ekUjzWHNBv9L1pnblVDoDkKSb/AZ5tWZ0N/v4iaIU4+HjA==",
      "engines": {
        "node": ">=6.0.0"
      },
      "funding": {
        "url": "https://github.com/eta-dev/eta?sponsor=1"
      }
    }
  },
  "dependencies": {
    "eta": {
      "version": "1.12.2",
      "resolved": "https://registry.npmjs.org/eta/-/eta-1.12.2.tgz",
      "integrity": "sha512-Z05sK2DRWAfBhG/2cwAOWuMoQIYaVYJCQrz2g2O/ekUjzWHNBv9L1pnblVDoDkKSb/AZ5tWZ0N/v4iaIU4+HjA=="
    }
  }
}
